// !$*UTF8*$!
{
	archiveVersion = 1;
	classes = {
	};
	objectVersion = 56;
	objects = {

/* Begin PBXBuildFile section */
		A01B24AC2D8A9ADE008D0F74 /* FavouriteViewController.swift in Sources */ = {isa = PBXBuildFile; fileRef = A01B24AB2D8A9ADE008D0F74 /* FavouriteViewController.swift */; };
		A01B24AE2D8AA0FA008D0F74 /* FavGenreCollectionViewCell.swift in Sources */ = {isa = PBXBuildFile; fileRef = A01B24AD2D8AA0FA008D0F74 /* FavGenreCollectionViewCell.swift */; };
		A01B24B02D8AB067008D0F74 /* FavGameCollectionViewCell.swift in Sources */ = {isa = PBXBuildFile; fileRef = A01B24AF2D8AB067008D0F74 /* FavGameCollectionViewCell.swift */; };
		A01EBA1B2D7E9AFF002C36AD /* DownloadableImage.swift in Sources */ = {isa = PBXBuildFile; fileRef = A01EBA1A2D7E9AFF002C36AD /* DownloadableImage.swift */; };
		A0253DA52D7EC219001D29F5 /* GenreCollectionViewCell.swift in Sources */ = {isa = PBXBuildFile; fileRef = A0253DA42D7EC219001D29F5 /* GenreCollectionViewCell.swift */; };
		A02DADD22D88E47F0065D94F /* LocalDataSource.swift in Sources */ = {isa = PBXBuildFile; fileRef = A02DADD12D88E47F0065D94F /* LocalDataSource.swift */; };
		A02DADDF2D8900DA0065D94F /* Utils.swift in Sources */ = {isa = PBXBuildFile; fileRef = A02DADDE2D8900DA0065D94F /* Utils.swift */; };
		A02ECFF52D7E7DA80023320F /* NetworkState.swift in Sources */ = {isa = PBXBuildFile; fileRef = A02ECFF42D7E7DA80023320F /* NetworkState.swift */; };
		A02ECFF72D7E7F5E0023320F /* ImageDownloader.swift in Sources */ = {isa = PBXBuildFile; fileRef = A02ECFF62D7E7F5E0023320F /* ImageDownloader.swift */; };
		A038A8AE2D8DBEE400061FFF /* ProfileViewController.swift in Sources */ = {isa = PBXBuildFile; fileRef = A038A8AD2D8DBEE400061FFF /* ProfileViewController.swift */; };
		A03E5C6F2D8395CA00CFFA3E /* NetworkError.swift in Sources */ = {isa = PBXBuildFile; fileRef = A03E5C6E2D8395CA00CFFA3E /* NetworkError.swift */; };
		A03E5C712D8398BA00CFFA3E /* Toast.swift in Sources */ = {isa = PBXBuildFile; fileRef = A03E5C702D8398BA00CFFA3E /* Toast.swift */; };
		A0409EF52D7F4EE700FC4DF6 /* GameFilterList.swift in Sources */ = {isa = PBXBuildFile; fileRef = A0409EF42D7F4EE700FC4DF6 /* GameFilterList.swift */; };
		A05358362D79A171003A31DF /* AppDelegate.swift in Sources */ = {isa = PBXBuildFile; fileRef = A05358352D79A171003A31DF /* AppDelegate.swift */; };
		A05358382D79A171003A31DF /* SceneDelegate.swift in Sources */ = {isa = PBXBuildFile; fileRef = A05358372D79A171003A31DF /* SceneDelegate.swift */; };
		A053583A2D79A171003A31DF /* ViewController.swift in Sources */ = {isa = PBXBuildFile; fileRef = A05358392D79A171003A31DF /* ViewController.swift */; };
		A053583D2D79A171003A31DF /* Main.storyboard in Resources */ = {isa = PBXBuildFile; fileRef = A053583B2D79A171003A31DF /* Main.storyboard */; };
		A053583F2D79A174003A31DF /* Assets.xcassets in Resources */ = {isa = PBXBuildFile; fileRef = A053583E2D79A174003A31DF /* Assets.xcassets */; };
		A05358422D79A174003A31DF /* LaunchScreen.storyboard in Resources */ = {isa = PBXBuildFile; fileRef = A05358402D79A174003A31DF /* LaunchScreen.storyboard */; };
		A05358552D7AC4EA003A31DF /* GameCardViewCell.swift in Sources */ = {isa = PBXBuildFile; fileRef = A05358532D7AC4EA003A31DF /* GameCardViewCell.swift */; };
		A05358562D7AC4EA003A31DF /* GameCardViewCell.xib in Resources */ = {isa = PBXBuildFile; fileRef = A05358542D7AC4EA003A31DF /* GameCardViewCell.xib */; };
		A05358582D7AE6FA003A31DF /* RemoteDataSource.swift in Sources */ = {isa = PBXBuildFile; fileRef = A05358572D7AE6FA003A31DF /* RemoteDataSource.swift */; };
		A053585A2D7AEA36003A31DF /* GameResModel.swift in Sources */ = {isa = PBXBuildFile; fileRef = A05358592D7AEA36003A31DF /* GameResModel.swift */; };
		A053585C2D7AF31B003A31DF /* GameModel.swift in Sources */ = {isa = PBXBuildFile; fileRef = A053585B2D7AF31B003A31DF /* GameModel.swift */; };
		A053585F2D7AF92F003A31DF /* Repository.swift in Sources */ = {isa = PBXBuildFile; fileRef = A053585E2D7AF92F003A31DF /* Repository.swift */; };
		A05358622D7AF953003A31DF /* IRepository.swift in Sources */ = {isa = PBXBuildFile; fileRef = A05358612D7AF953003A31DF /* IRepository.swift */; };
		A05358652D7AF986003A31DF /* GameUseCase.swift in Sources */ = {isa = PBXBuildFile; fileRef = A05358642D7AF986003A31DF /* GameUseCase.swift */; };
		A05358672D7AFA0C003A31DF /* GameDetailResModel.swift in Sources */ = {isa = PBXBuildFile; fileRef = A05358662D7AFA0C003A31DF /* GameDetailResModel.swift */; };
		A055FB6B2D80EFBD0000294F /* DetailViewController.swift in Sources */ = {isa = PBXBuildFile; fileRef = A055FB6A2D80EFBD0000294F /* DetailViewController.swift */; };
		A055FB6D2D80EFD00000294F /* GenreViewController.swift in Sources */ = {isa = PBXBuildFile; fileRef = A055FB6C2D80EFD00000294F /* GenreViewController.swift */; };
		A065A84A2D921A6100208C8C /* Alamofire in Frameworks */ = {isa = PBXBuildFile; productRef = A065A8492D921A6100208C8C /* Alamofire */; };
		A065A84D2D921B9400208C8C /* RealmSwift in Frameworks */ = {isa = PBXBuildFile; productRef = A065A84C2D921B9400208C8C /* RealmSwift */; };
		A065A8532D921F2100208C8C /* SwinjectStoryboard+Extension.swift in Sources */ = {isa = PBXBuildFile; fileRef = A065A8522D921F2100208C8C /* SwinjectStoryboard+Extension.swift */; };
		A065A8562D92C01200208C8C /* RxCocoa in Frameworks */ = {isa = PBXBuildFile; productRef = A065A8552D92C01200208C8C /* RxCocoa */; };
		A065A8582D92C01200208C8C /* RxSwift in Frameworks */ = {isa = PBXBuildFile; productRef = A065A8572D92C01200208C8C /* RxSwift */; };
		A065A85D2D92C1ED00208C8C /* GameDetailEntity.swift in Sources */ = {isa = PBXBuildFile; fileRef = A065A85C2D92C1ED00208C8C /* GameDetailEntity.swift */; };
		A065A85F2D92C20A00208C8C /* GenreEntity.swift in Sources */ = {isa = PBXBuildFile; fileRef = A065A85E2D92C20A00208C8C /* GenreEntity.swift */; };
		A065A8622D92F2B900208C8C /* CostumeError+Ext.swift in Sources */ = {isa = PBXBuildFile; fileRef = A065A8612D92F2B900208C8C /* CostumeError+Ext.swift */; };
		A065A8652D93728C00208C8C /* HomePresenter.swift in Sources */ = {isa = PBXBuildFile; fileRef = A065A8642D93728C00208C8C /* HomePresenter.swift */; };
		A065A8672D93729800208C8C /* DetailPresenter.swift in Sources */ = {isa = PBXBuildFile; fileRef = A065A8662D93729800208C8C /* DetailPresenter.swift */; };
		A065A86A2D9377CE00208C8C /* Swinject in Frameworks */ = {isa = PBXBuildFile; productRef = A065A8692D9377CE00208C8C /* Swinject */; };
		A065A86D2D93782B00208C8C /* SwinjectStoryboard in Frameworks */ = {isa = PBXBuildFile; productRef = A065A86C2D93782B00208C8C /* SwinjectStoryboard */; };
		A065A87F2D9386E700208C8C /* FavouritePresenter.swift in Sources */ = {isa = PBXBuildFile; fileRef = A065A87E2D9386E700208C8C /* FavouritePresenter.swift */; };
		A065A8812D93871B00208C8C /* GenrePresenter.swift in Sources */ = {isa = PBXBuildFile; fileRef = A065A8802D93871B00208C8C /* GenrePresenter.swift */; };
		A0867B962D8CDA98001C91A8 /* UserModel.swift in Sources */ = {isa = PBXBuildFile; fileRef = A0867B952D8CDA98001C91A8 /* UserModel.swift */; };
		A0867B982D8CE320001C91A8 /* EditProfileViewController.swift in Sources */ = {isa = PBXBuildFile; fileRef = A0867B972D8CE320001C91A8 /* EditProfileViewController.swift */; };
		A0D8403D2D7DA6120079689D /* GameDetailModel.swift in Sources */ = {isa = PBXBuildFile; fileRef = A0D8403C2D7DA6120079689D /* GameDetailModel.swift */; };
		A0D8403F2D7DA8480079689D /* GenreResModel.swift in Sources */ = {isa = PBXBuildFile; fileRef = A0D8403E2D7DA8480079689D /* GenreResModel.swift */; };
		A0D840412D7DA8B00079689D /* GenreModel.swift in Sources */ = {isa = PBXBuildFile; fileRef = A0D840402D7DA8B00079689D /* GenreModel.swift */; };
		A0D8404A2D7DADEB0079689D /* CardLabelGenerator.swift in Sources */ = {isa = PBXBuildFile; fileRef = A0D840492D7DADEB0079689D /* CardLabelGenerator.swift */; };
/* End PBXBuildFile section */

/* Begin PBXFileReference section */
		522C44EC2D9A8CAC00DDDEAD /* .swiftlint.yml */ = {isa = PBXFileReference; lastKnownFileType = text.yaml; path = .swiftlint.yml; sourceTree = "<group>"; };
		A01B24AB2D8A9ADE008D0F74 /* FavouriteViewController.swift */ = {isa = PBXFileReference; lastKnownFileType = sourcecode.swift; path = FavouriteViewController.swift; sourceTree = "<group>"; };
		A01B24AD2D8AA0FA008D0F74 /* FavGenreCollectionViewCell.swift */ = {isa = PBXFileReference; lastKnownFileType = sourcecode.swift; path = FavGenreCollectionViewCell.swift; sourceTree = "<group>"; };
		A01B24AF2D8AB067008D0F74 /* FavGameCollectionViewCell.swift */ = {isa = PBXFileReference; lastKnownFileType = sourcecode.swift; path = FavGameCollectionViewCell.swift; sourceTree = "<group>"; };
		A01EBA1A2D7E9AFF002C36AD /* DownloadableImage.swift */ = {isa = PBXFileReference; lastKnownFileType = sourcecode.swift; path = DownloadableImage.swift; sourceTree = "<group>"; };
		A0253DA42D7EC219001D29F5 /* GenreCollectionViewCell.swift */ = {isa = PBXFileReference; lastKnownFileType = sourcecode.swift; path = GenreCollectionViewCell.swift; sourceTree = "<group>"; };
		A02DADD12D88E47F0065D94F /* LocalDataSource.swift */ = {isa = PBXFileReference; lastKnownFileType = sourcecode.swift; path = LocalDataSource.swift; sourceTree = "<group>"; };
		A02DADDE2D8900DA0065D94F /* Utils.swift */ = {isa = PBXFileReference; lastKnownFileType = sourcecode.swift; path = Utils.swift; sourceTree = "<group>"; };
		A02ECFF42D7E7DA80023320F /* NetworkState.swift */ = {isa = PBXFileReference; lastKnownFileType = sourcecode.swift; path = NetworkState.swift; sourceTree = "<group>"; };
		A02ECFF62D7E7F5E0023320F /* ImageDownloader.swift */ = {isa = PBXFileReference; lastKnownFileType = sourcecode.swift; path = ImageDownloader.swift; sourceTree = "<group>"; };
		A038A8AD2D8DBEE400061FFF /* ProfileViewController.swift */ = {isa = PBXFileReference; lastKnownFileType = sourcecode.swift; path = ProfileViewController.swift; sourceTree = "<group>"; };
		A03E5C6E2D8395CA00CFFA3E /* NetworkError.swift */ = {isa = PBXFileReference; lastKnownFileType = sourcecode.swift; path = NetworkError.swift; sourceTree = "<group>"; };
		A03E5C702D8398BA00CFFA3E /* Toast.swift */ = {isa = PBXFileReference; lastKnownFileType = sourcecode.swift; path = Toast.swift; sourceTree = "<group>"; };
		A0409EF42D7F4EE700FC4DF6 /* GameFilterList.swift */ = {isa = PBXFileReference; lastKnownFileType = sourcecode.swift; path = GameFilterList.swift; sourceTree = "<group>"; };
		A05358322D79A171003A31DF /* GimPlay.app */ = {isa = PBXFileReference; explicitFileType = wrapper.application; includeInIndex = 0; path = GimPlay.app; sourceTree = BUILT_PRODUCTS_DIR; };
		A05358352D79A171003A31DF /* AppDelegate.swift */ = {isa = PBXFileReference; lastKnownFileType = sourcecode.swift; path = AppDelegate.swift; sourceTree = "<group>"; };
		A05358372D79A171003A31DF /* SceneDelegate.swift */ = {isa = PBXFileReference; lastKnownFileType = sourcecode.swift; path = SceneDelegate.swift; sourceTree = "<group>"; };
		A05358392D79A171003A31DF /* ViewController.swift */ = {isa = PBXFileReference; lastKnownFileType = sourcecode.swift; path = ViewController.swift; sourceTree = "<group>"; };
		A053583C2D79A171003A31DF /* Base */ = {isa = PBXFileReference; lastKnownFileType = file.storyboard; name = Base; path = Base.lproj/Main.storyboard; sourceTree = "<group>"; };
		A053583E2D79A174003A31DF /* Assets.xcassets */ = {isa = PBXFileReference; lastKnownFileType = folder.assetcatalog; path = Assets.xcassets; sourceTree = "<group>"; };
		A05358412D79A174003A31DF /* Base */ = {isa = PBXFileReference; lastKnownFileType = file.storyboard; name = Base; path = Base.lproj/LaunchScreen.storyboard; sourceTree = "<group>"; };
		A05358432D79A174003A31DF /* Info.plist */ = {isa = PBXFileReference; lastKnownFileType = text.plist.xml; path = Info.plist; sourceTree = "<group>"; };
		A05358532D7AC4EA003A31DF /* GameCardViewCell.swift */ = {isa = PBXFileReference; lastKnownFileType = sourcecode.swift; path = GameCardViewCell.swift; sourceTree = "<group>"; };
		A05358542D7AC4EA003A31DF /* GameCardViewCell.xib */ = {isa = PBXFileReference; lastKnownFileType = file.xib; path = GameCardViewCell.xib; sourceTree = "<group>"; };
		A05358572D7AE6FA003A31DF /* RemoteDataSource.swift */ = {isa = PBXFileReference; lastKnownFileType = sourcecode.swift; path = RemoteDataSource.swift; sourceTree = "<group>"; };
		A05358592D7AEA36003A31DF /* GameResModel.swift */ = {isa = PBXFileReference; lastKnownFileType = sourcecode.swift; path = GameResModel.swift; sourceTree = "<group>"; };
		A053585B2D7AF31B003A31DF /* GameModel.swift */ = {isa = PBXFileReference; lastKnownFileType = sourcecode.swift; path = GameModel.swift; sourceTree = "<group>"; };
		A053585E2D7AF92F003A31DF /* Repository.swift */ = {isa = PBXFileReference; lastKnownFileType = sourcecode.swift; path = Repository.swift; sourceTree = "<group>"; };
		A05358612D7AF953003A31DF /* IRepository.swift */ = {isa = PBXFileReference; lastKnownFileType = sourcecode.swift; path = IRepository.swift; sourceTree = "<group>"; };
		A05358642D7AF986003A31DF /* GameUseCase.swift */ = {isa = PBXFileReference; lastKnownFileType = sourcecode.swift; path = GameUseCase.swift; sourceTree = "<group>"; };
		A05358662D7AFA0C003A31DF /* GameDetailResModel.swift */ = {isa = PBXFileReference; lastKnownFileType = sourcecode.swift; path = GameDetailResModel.swift; sourceTree = "<group>"; };
		A055FB6A2D80EFBD0000294F /* DetailViewController.swift */ = {isa = PBXFileReference; lastKnownFileType = sourcecode.swift; path = DetailViewController.swift; sourceTree = "<group>"; };
		A055FB6C2D80EFD00000294F /* GenreViewController.swift */ = {isa = PBXFileReference; lastKnownFileType = sourcecode.swift; path = GenreViewController.swift; sourceTree = "<group>"; };
		A065A8522D921F2100208C8C /* SwinjectStoryboard+Extension.swift */ = {isa = PBXFileReference; lastKnownFileType = sourcecode.swift; path = "SwinjectStoryboard+Extension.swift"; sourceTree = "<group>"; };
		A065A85C2D92C1ED00208C8C /* GameDetailEntity.swift */ = {isa = PBXFileReference; lastKnownFileType = sourcecode.swift; path = GameDetailEntity.swift; sourceTree = "<group>"; };
		A065A85E2D92C20A00208C8C /* GenreEntity.swift */ = {isa = PBXFileReference; lastKnownFileType = sourcecode.swift; path = GenreEntity.swift; sourceTree = "<group>"; };
		A065A8612D92F2B900208C8C /* CostumeError+Ext.swift */ = {isa = PBXFileReference; lastKnownFileType = sourcecode.swift; path = "CostumeError+Ext.swift"; sourceTree = "<group>"; };
		A065A8642D93728C00208C8C /* HomePresenter.swift */ = {isa = PBXFileReference; lastKnownFileType = sourcecode.swift; path = HomePresenter.swift; sourceTree = "<group>"; };
		A065A8662D93729800208C8C /* DetailPresenter.swift */ = {isa = PBXFileReference; lastKnownFileType = sourcecode.swift; path = DetailPresenter.swift; sourceTree = "<group>"; };
		A065A87E2D9386E700208C8C /* FavouritePresenter.swift */ = {isa = PBXFileReference; lastKnownFileType = sourcecode.swift; path = FavouritePresenter.swift; sourceTree = "<group>"; };
		A065A8802D93871B00208C8C /* GenrePresenter.swift */ = {isa = PBXFileReference; lastKnownFileType = sourcecode.swift; path = GenrePresenter.swift; sourceTree = "<group>"; };
		A0867B952D8CDA98001C91A8 /* UserModel.swift */ = {isa = PBXFileReference; lastKnownFileType = sourcecode.swift; path = UserModel.swift; sourceTree = "<group>"; };
		A0867B972D8CE320001C91A8 /* EditProfileViewController.swift */ = {isa = PBXFileReference; lastKnownFileType = sourcecode.swift; path = EditProfileViewController.swift; sourceTree = "<group>"; };
		A0D8403C2D7DA6120079689D /* GameDetailModel.swift */ = {isa = PBXFileReference; lastKnownFileType = sourcecode.swift; path = GameDetailModel.swift; sourceTree = "<group>"; };
		A0D8403E2D7DA8480079689D /* GenreResModel.swift */ = {isa = PBXFileReference; lastKnownFileType = sourcecode.swift; path = GenreResModel.swift; sourceTree = "<group>"; };
		A0D840402D7DA8B00079689D /* GenreModel.swift */ = {isa = PBXFileReference; lastKnownFileType = sourcecode.swift; path = GenreModel.swift; sourceTree = "<group>"; };
		A0D840492D7DADEB0079689D /* CardLabelGenerator.swift */ = {isa = PBXFileReference; lastKnownFileType = sourcecode.swift; path = CardLabelGenerator.swift; sourceTree = "<group>"; };
/* End PBXFileReference section */

/* Begin PBXFrameworksBuildPhase section */
		A053582F2D79A171003A31DF /* Frameworks */ = {
			isa = PBXFrameworksBuildPhase;
			buildActionMask = 2147483647;
			files = (
				A065A84D2D921B9400208C8C /* RealmSwift in Frameworks */,
				A065A86A2D9377CE00208C8C /* Swinject in Frameworks */,
				A065A8582D92C01200208C8C /* RxSwift in Frameworks */,
				A065A8562D92C01200208C8C /* RxCocoa in Frameworks */,
				A065A86D2D93782B00208C8C /* SwinjectStoryboard in Frameworks */,
				A065A84A2D921A6100208C8C /* Alamofire in Frameworks */,
			);
			runOnlyForDeploymentPostprocessing = 0;
		};
/* End PBXFrameworksBuildPhase section */

/* Begin PBXGroup section */
		A02DADD02D88E46F0065D94F /* Local */ = {
			isa = PBXGroup;
			children = (
				A065A8602D92F2A500208C8C /* Utils */,
				A065A8592D92C14400208C8C /* EntityModels */,
				A02DADD12D88E47F0065D94F /* LocalDataSource.swift */,
			);
			path = Local;
			sourceTree = "<group>";
		};
		A05358292D79A171003A31DF = {
			isa = PBXGroup;
			children = (
				522C44EC2D9A8CAC00DDDEAD /* .swiftlint.yml */,
				A05358342D79A171003A31DF /* GimPlay */,
				A05358332D79A171003A31DF /* Products */,
			);
			sourceTree = "<group>";
		};
		A05358332D79A171003A31DF /* Products */ = {
			isa = PBXGroup;
			children = (
				A05358322D79A171003A31DF /* GimPlay.app */,
			);
			name = Products;
			sourceTree = "<group>";
		};
		A05358342D79A171003A31DF /* GimPlay */ = {
			isa = PBXGroup;
			children = (
				A065A8512D921ECE00208C8C /* DI */,
				A053584E2D79B731003A31DF /* Data */,
				A053584D2D79B721003A31DF /* Domain */,
				A053584C2D79B718003A31DF /* Utils */,
				A05358492D79B65E003A31DF /* Presentation */,
				A05358352D79A171003A31DF /* AppDelegate.swift */,
				A05358372D79A171003A31DF /* SceneDelegate.swift */,
				A053583B2D79A171003A31DF /* Main.storyboard */,
				A053583E2D79A174003A31DF /* Assets.xcassets */,
				A05358402D79A174003A31DF /* LaunchScreen.storyboard */,
				A05358432D79A174003A31DF /* Info.plist */,
			);
			path = GimPlay;
			sourceTree = "<group>";
		};
		A05358492D79B65E003A31DF /* Presentation */ = {
			isa = PBXGroup;
			children = (
				A065A8792D93860500208C8C /* Favourite */,
				A065A8782D9385EE00208C8C /* Genre */,
				A065A8712D93850B00208C8C /* EditProfile */,
				A065A8702D9384FF00208C8C /* Profile */,
				A065A86F2D9384FA00208C8C /* Detail */,
				A065A86E2D9384F300208C8C /* Home */,
				A053584B2D79B697003A31DF /* Components */,
			);
			path = Presentation;
			sourceTree = "<group>";
		};
		A053584B2D79B697003A31DF /* Components */ = {
			isa = PBXGroup;
			children = (
				A05358532D7AC4EA003A31DF /* GameCardViewCell.swift */,
				A05358542D7AC4EA003A31DF /* GameCardViewCell.xib */,
				A0253DA42D7EC219001D29F5 /* GenreCollectionViewCell.swift */,
				A03E5C702D8398BA00CFFA3E /* Toast.swift */,
				A01B24AD2D8AA0FA008D0F74 /* FavGenreCollectionViewCell.swift */,
				A01B24AF2D8AB067008D0F74 /* FavGameCollectionViewCell.swift */,
			);
			path = Components;
			sourceTree = "<group>";
		};
		A053584C2D79B718003A31DF /* Utils */ = {
			isa = PBXGroup;
			children = (
				A0D840492D7DADEB0079689D /* CardLabelGenerator.swift */,
			);
			path = Utils;
			sourceTree = "<group>";
		};
		A053584D2D79B721003A31DF /* Domain */ = {
			isa = PBXGroup;
			children = (
				A05358632D7AF965003A31DF /* UseCase */,
				A05358602D7AF93B003A31DF /* IRepository */,
				A053585D2D7AF8FC003A31DF /* Models */,
			);
			path = Domain;
			sourceTree = "<group>";
		};
		A053584E2D79B731003A31DF /* Data */ = {
			isa = PBXGroup;
			children = (
				A02DADD02D88E46F0065D94F /* Local */,
				A053584F2D79B7CF003A31DF /* Remote */,
				A053585E2D7AF92F003A31DF /* Repository.swift */,
			);
			path = Data;
			sourceTree = "<group>";
		};
		A053584F2D79B7CF003A31DF /* Remote */ = {
			isa = PBXGroup;
			children = (
				A0D840422D7DA95F0079689D /* Utils */,
				A05358502D79B7D8003A31DF /* ResponseModels */,
				A05358572D7AE6FA003A31DF /* RemoteDataSource.swift */,
			);
			path = Remote;
			sourceTree = "<group>";
		};
		A05358502D79B7D8003A31DF /* ResponseModels */ = {
			isa = PBXGroup;
			children = (
				A02ECFF62D7E7F5E0023320F /* ImageDownloader.swift */,
				A05358592D7AEA36003A31DF /* GameResModel.swift */,
				A05358662D7AFA0C003A31DF /* GameDetailResModel.swift */,
				A0D8403E2D7DA8480079689D /* GenreResModel.swift */,
			);
			path = ResponseModels;
			sourceTree = "<group>";
		};
		A053585D2D7AF8FC003A31DF /* Models */ = {
			isa = PBXGroup;
			children = (
				A053585B2D7AF31B003A31DF /* GameModel.swift */,
				A0D8403C2D7DA6120079689D /* GameDetailModel.swift */,
				A0D840402D7DA8B00079689D /* GenreModel.swift */,
				A01EBA1A2D7E9AFF002C36AD /* DownloadableImage.swift */,
				A0409EF42D7F4EE700FC4DF6 /* GameFilterList.swift */,
				A0867B952D8CDA98001C91A8 /* UserModel.swift */,
			);
			path = Models;
			sourceTree = "<group>";
		};
		A05358602D7AF93B003A31DF /* IRepository */ = {
			isa = PBXGroup;
			children = (
				A05358612D7AF953003A31DF /* IRepository.swift */,
			);
			path = IRepository;
			sourceTree = "<group>";
		};
		A05358632D7AF965003A31DF /* UseCase */ = {
			isa = PBXGroup;
			children = (
				A05358642D7AF986003A31DF /* GameUseCase.swift */,
			);
			path = UseCase;
			sourceTree = "<group>";
		};
		A065A8512D921ECE00208C8C /* DI */ = {
			isa = PBXGroup;
			children = (
				A065A8522D921F2100208C8C /* SwinjectStoryboard+Extension.swift */,
			);
			path = DI;
			sourceTree = "<group>";
		};
		A065A8592D92C14400208C8C /* EntityModels */ = {
			isa = PBXGroup;
			children = (
				A065A85C2D92C1ED00208C8C /* GameDetailEntity.swift */,
				A065A85E2D92C20A00208C8C /* GenreEntity.swift */,
			);
			path = EntityModels;
			sourceTree = "<group>";
		};
		A065A8602D92F2A500208C8C /* Utils */ = {
			isa = PBXGroup;
			children = (
				A02DADDE2D8900DA0065D94F /* Utils.swift */,
				A065A8612D92F2B900208C8C /* CostumeError+Ext.swift */,
			);
			path = Utils;
			sourceTree = "<group>";
		};
		A065A86E2D9384F300208C8C /* Home */ = {
			isa = PBXGroup;
			children = (
				A065A8732D93852700208C8C /* Controller */,
				A065A8722D93851C00208C8C /* Presenter */,
			);
			path = Home;
			sourceTree = "<group>";
		};
		A065A86F2D9384FA00208C8C /* Detail */ = {
			isa = PBXGroup;
			children = (
				A065A8752D9385BD00208C8C /* Presenter */,
				A065A8742D9385B600208C8C /* Controller */,
			);
			path = Detail;
			sourceTree = "<group>";
		};
		A065A8702D9384FF00208C8C /* Profile */ = {
			isa = PBXGroup;
			children = (
				A065A8762D9385C500208C8C /* Controller */,
			);
			path = Profile;
			sourceTree = "<group>";
		};
		A065A8712D93850B00208C8C /* EditProfile */ = {
			isa = PBXGroup;
			children = (
				A065A8772D9385CD00208C8C /* Controller */,
			);
			path = EditProfile;
			sourceTree = "<group>";
		};
		A065A8722D93851C00208C8C /* Presenter */ = {
			isa = PBXGroup;
			children = (
				A065A8642D93728C00208C8C /* HomePresenter.swift */,
			);
			path = Presenter;
			sourceTree = "<group>";
		};
		A065A8732D93852700208C8C /* Controller */ = {
			isa = PBXGroup;
			children = (
				A05358392D79A171003A31DF /* ViewController.swift */,
			);
			path = Controller;
			sourceTree = "<group>";
		};
		A065A8742D9385B600208C8C /* Controller */ = {
			isa = PBXGroup;
			children = (
				A055FB6A2D80EFBD0000294F /* DetailViewController.swift */,
			);
			path = Controller;
			sourceTree = "<group>";
		};
		A065A8752D9385BD00208C8C /* Presenter */ = {
			isa = PBXGroup;
			children = (
				A065A8662D93729800208C8C /* DetailPresenter.swift */,
			);
			path = Presenter;
			sourceTree = "<group>";
		};
		A065A8762D9385C500208C8C /* Controller */ = {
			isa = PBXGroup;
			children = (
				A038A8AD2D8DBEE400061FFF /* ProfileViewController.swift */,
			);
			path = Controller;
			sourceTree = "<group>";
		};
		A065A8772D9385CD00208C8C /* Controller */ = {
			isa = PBXGroup;
			children = (
				A0867B972D8CE320001C91A8 /* EditProfileViewController.swift */,
			);
			path = Controller;
			sourceTree = "<group>";
		};
		A065A8782D9385EE00208C8C /* Genre */ = {
			isa = PBXGroup;
			children = (
				A065A87B2D93865300208C8C /* Presenter */,
				A065A87A2D93864B00208C8C /* Controller */,
			);
			path = Genre;
			sourceTree = "<group>";
		};
		A065A8792D93860500208C8C /* Favourite */ = {
			isa = PBXGroup;
			children = (
				A065A87D2D93865F00208C8C /* Controller */,
				A065A87C2D93865900208C8C /* Presenter */,
			);
			path = Favourite;
			sourceTree = "<group>";
		};
		A065A87A2D93864B00208C8C /* Controller */ = {
			isa = PBXGroup;
			children = (
				A055FB6C2D80EFD00000294F /* GenreViewController.swift */,
			);
			path = Controller;
			sourceTree = "<group>";
		};
		A065A87B2D93865300208C8C /* Presenter */ = {
			isa = PBXGroup;
			children = (
				A065A8802D93871B00208C8C /* GenrePresenter.swift */,
			);
			path = Presenter;
			sourceTree = "<group>";
		};
		A065A87C2D93865900208C8C /* Presenter */ = {
			isa = PBXGroup;
			children = (
				A065A87E2D9386E700208C8C /* FavouritePresenter.swift */,
			);
			path = Presenter;
			sourceTree = "<group>";
		};
		A065A87D2D93865F00208C8C /* Controller */ = {
			isa = PBXGroup;
			children = (
				A01B24AB2D8A9ADE008D0F74 /* FavouriteViewController.swift */,
			);
			path = Controller;
			sourceTree = "<group>";
		};
		A0D840422D7DA95F0079689D /* Utils */ = {
			isa = PBXGroup;
			children = (
				A02ECFF42D7E7DA80023320F /* NetworkState.swift */,
				A03E5C6E2D8395CA00CFFA3E /* NetworkError.swift */,
			);
			path = Utils;
			sourceTree = "<group>";
		};
/* End PBXGroup section */

/* Begin PBXNativeTarget section */
		A05358312D79A171003A31DF /* GimPlay */ = {
			isa = PBXNativeTarget;
			buildConfigurationList = A05358462D79A174003A31DF /* Build configuration list for PBXNativeTarget "GimPlay" */;
			buildPhases = (
				A053582E2D79A171003A31DF /* Sources */,
				A053582F2D79A171003A31DF /* Frameworks */,
				A05358302D79A171003A31DF /* Resources */,
				522C44EB2D9A86D200DDDEAD /* ShellScript */,
			);
			buildRules = (
			);
			dependencies = (
			);
			name = GimPlay;
			packageProductDependencies = (
				A065A8492D921A6100208C8C /* Alamofire */,
				A065A84C2D921B9400208C8C /* RealmSwift */,
				A065A8552D92C01200208C8C /* RxCocoa */,
				A065A8572D92C01200208C8C /* RxSwift */,
				A065A8692D9377CE00208C8C /* Swinject */,
				A065A86C2D93782B00208C8C /* SwinjectStoryboard */,
			);
			productName = GimPlay;
			productReference = A05358322D79A171003A31DF /* GimPlay.app */;
			productType = "com.apple.product-type.application";
		};
/* End PBXNativeTarget section */

/* Begin PBXProject section */
		A053582A2D79A171003A31DF /* Project object */ = {
			isa = PBXProject;
			attributes = {
				BuildIndependentTargetsInParallel = 1;
				LastSwiftUpdateCheck = 1430;
				LastUpgradeCheck = 1620;
				TargetAttributes = {
					A05358312D79A171003A31DF = {
						CreatedOnToolsVersion = 14.3;
					};
				};
			};
			buildConfigurationList = A053582D2D79A171003A31DF /* Build configuration list for PBXProject "GimPlay" */;
			compatibilityVersion = "Xcode 14.0";
			developmentRegion = en;
			hasScannedForEncodings = 0;
			knownRegions = (
				en,
				Base,
			);
			mainGroup = A05358292D79A171003A31DF;
			packageReferences = (
				A098C6512D81CE410022757E /* XCRemoteSwiftPackageReference "SwiftLint" */,
				A065A8482D921A6100208C8C /* XCRemoteSwiftPackageReference "Alamofire" */,
				A065A84B2D921B9400208C8C /* XCRemoteSwiftPackageReference "realm-swift" */,
				A065A8542D92C01200208C8C /* XCRemoteSwiftPackageReference "RxSwift" */,
				A065A8682D9377CE00208C8C /* XCRemoteSwiftPackageReference "Swinject" */,
				A065A86B2D93782B00208C8C /* XCRemoteSwiftPackageReference "SwinjectStoryboard" */,
			);
			productRefGroup = A05358332D79A171003A31DF /* Products */;
			projectDirPath = "";
			projectRoot = "";
			targets = (
				A05358312D79A171003A31DF /* GimPlay */,
			);
		};
/* End PBXProject section */

/* Begin PBXResourcesBuildPhase section */
		A05358302D79A171003A31DF /* Resources */ = {
			isa = PBXResourcesBuildPhase;
			buildActionMask = 2147483647;
			files = (
				A05358562D7AC4EA003A31DF /* GameCardViewCell.xib in Resources */,
				A05358422D79A174003A31DF /* LaunchScreen.storyboard in Resources */,
				A053583F2D79A174003A31DF /* Assets.xcassets in Resources */,
				A053583D2D79A171003A31DF /* Main.storyboard in Resources */,
			);
			runOnlyForDeploymentPostprocessing = 0;
		};
/* End PBXResourcesBuildPhase section */

/* Begin PBXShellScriptBuildPhase section */
		522C44EB2D9A86D200DDDEAD /* ShellScript */ = {
			isa = PBXShellScriptBuildPhase;
			alwaysOutOfDate = 1;
			buildActionMask = 2147483647;
			files = (
			);
			inputFileListPaths = (
			);
			inputPaths = (
			);
			outputFileListPaths = (
			);
			outputPaths = (
			);
			runOnlyForDeploymentPostprocessing = 0;
			shellPath = /bin/sh;
			shellScript = "if [[ \"$(uname -m)\" == arm64 ]]; then\n    export PATH=\"/opt/homebrew/bin:$PATH\"\nfi\n \nif which swiftlint > /dev/null; then\n  swiftlint\nelse\n  echo \"warning: SwiftLint not installed, download from https://github.com/realm/SwiftLint\"\nfi\n";
		};
/* End PBXShellScriptBuildPhase section */

/* Begin PBXSourcesBuildPhase section */
		A053582E2D79A171003A31DF /* Sources */ = {
			isa = PBXSourcesBuildPhase;
			buildActionMask = 2147483647;
			files = (
				A065A8532D921F2100208C8C /* SwinjectStoryboard+Extension.swift in Sources */,
				A05358622D7AF953003A31DF /* IRepository.swift in Sources */,
				A0D840412D7DA8B00079689D /* GenreModel.swift in Sources */,
				A065A8672D93729800208C8C /* DetailPresenter.swift in Sources */,
				A05358552D7AC4EA003A31DF /* GameCardViewCell.swift in Sources */,
				A02DADDF2D8900DA0065D94F /* Utils.swift in Sources */,
				A0D8403D2D7DA6120079689D /* GameDetailModel.swift in Sources */,
				A053585A2D7AEA36003A31DF /* GameResModel.swift in Sources */,
				A01B24AE2D8AA0FA008D0F74 /* FavGenreCollectionViewCell.swift in Sources */,
				A02ECFF52D7E7DA80023320F /* NetworkState.swift in Sources */,
				A065A8652D93728C00208C8C /* HomePresenter.swift in Sources */,
				A065A8622D92F2B900208C8C /* CostumeError+Ext.swift in Sources */,
				A0409EF52D7F4EE700FC4DF6 /* GameFilterList.swift in Sources */,
				A05358652D7AF986003A31DF /* GameUseCase.swift in Sources */,
				A02ECFF72D7E7F5E0023320F /* ImageDownloader.swift in Sources */,
				A0867B982D8CE320001C91A8 /* EditProfileViewController.swift in Sources */,
				A03E5C6F2D8395CA00CFFA3E /* NetworkError.swift in Sources */,
				A01EBA1B2D7E9AFF002C36AD /* DownloadableImage.swift in Sources */,
				A05358582D7AE6FA003A31DF /* RemoteDataSource.swift in Sources */,
				A055FB6B2D80EFBD0000294F /* DetailViewController.swift in Sources */,
				A053585F2D7AF92F003A31DF /* Repository.swift in Sources */,
				A01B24AC2D8A9ADE008D0F74 /* FavouriteViewController.swift in Sources */,
				A0D8404A2D7DADEB0079689D /* CardLabelGenerator.swift in Sources */,
				A055FB6D2D80EFD00000294F /* GenreViewController.swift in Sources */,
				A065A8812D93871B00208C8C /* GenrePresenter.swift in Sources */,
				A0253DA52D7EC219001D29F5 /* GenreCollectionViewCell.swift in Sources */,
				A053583A2D79A171003A31DF /* ViewController.swift in Sources */,
				A05358362D79A171003A31DF /* AppDelegate.swift in Sources */,
				A038A8AE2D8DBEE400061FFF /* ProfileViewController.swift in Sources */,
				A0D8403F2D7DA8480079689D /* GenreResModel.swift in Sources */,
				A065A85D2D92C1ED00208C8C /* GameDetailEntity.swift in Sources */,
				A01B24B02D8AB067008D0F74 /* FavGameCollectionViewCell.swift in Sources */,
				A053585C2D7AF31B003A31DF /* GameModel.swift in Sources */,
				A0867B962D8CDA98001C91A8 /* UserModel.swift in Sources */,
				A05358672D7AFA0C003A31DF /* GameDetailResModel.swift in Sources */,
				A03E5C712D8398BA00CFFA3E /* Toast.swift in Sources */,
				A02DADD22D88E47F0065D94F /* LocalDataSource.swift in Sources */,
				A065A85F2D92C20A00208C8C /* GenreEntity.swift in Sources */,
				A065A87F2D9386E700208C8C /* FavouritePresenter.swift in Sources */,
				A05358382D79A171003A31DF /* SceneDelegate.swift in Sources */,
			);
			runOnlyForDeploymentPostprocessing = 0;
		};
/* End PBXSourcesBuildPhase section */

/* Begin PBXVariantGroup section */
		A053583B2D79A171003A31DF /* Main.storyboard */ = {
			isa = PBXVariantGroup;
			children = (
				A053583C2D79A171003A31DF /* Base */,
			);
			name = Main.storyboard;
			sourceTree = "<group>";
		};
		A05358402D79A174003A31DF /* LaunchScreen.storyboard */ = {
			isa = PBXVariantGroup;
			children = (
				A05358412D79A174003A31DF /* Base */,
			);
			name = LaunchScreen.storyboard;
			sourceTree = "<group>";
		};
/* End PBXVariantGroup section */

/* Begin XCBuildConfiguration section */
		A05358442D79A174003A31DF /* Debug */ = {
			isa = XCBuildConfiguration;
			buildSettings = {
				ALWAYS_SEARCH_USER_PATHS = NO;
				ASSETCATALOG_COMPILER_GENERATE_SWIFT_ASSET_SYMBOL_EXTENSIONS = YES;
				CLANG_ANALYZER_NONNULL = YES;
				CLANG_ANALYZER_NUMBER_OBJECT_CONVERSION = YES_AGGRESSIVE;
				CLANG_CXX_LANGUAGE_STANDARD = "gnu++20";
				CLANG_ENABLE_MODULES = YES;
				CLANG_ENABLE_OBJC_ARC = YES;
				CLANG_ENABLE_OBJC_WEAK = YES;
				CLANG_WARN_BLOCK_CAPTURE_AUTORELEASING = YES;
				CLANG_WARN_BOOL_CONVERSION = YES;
				CLANG_WARN_COMMA = YES;
				CLANG_WARN_CONSTANT_CONVERSION = YES;
				CLANG_WARN_DEPRECATED_OBJC_IMPLEMENTATIONS = YES;
				CLANG_WARN_DIRECT_OBJC_ISA_USAGE = YES_ERROR;
				CLANG_WARN_DOCUMENTATION_COMMENTS = YES;
				CLANG_WARN_EMPTY_BODY = YES;
				CLANG_WARN_ENUM_CONVERSION = YES;
				CLANG_WARN_INFINITE_RECURSION = YES;
				CLANG_WARN_INT_CONVERSION = YES;
				CLANG_WARN_NON_LITERAL_NULL_CONVERSION = YES;
				CLANG_WARN_OBJC_IMPLICIT_RETAIN_SELF = YES;
				CLANG_WARN_OBJC_LITERAL_CONVERSION = YES;
				CLANG_WARN_OBJC_ROOT_CLASS = YES_ERROR;
				CLANG_WARN_QUOTED_INCLUDE_IN_FRAMEWORK_HEADER = YES;
				CLANG_WARN_RANGE_LOOP_ANALYSIS = YES;
				CLANG_WARN_STRICT_PROTOTYPES = YES;
				CLANG_WARN_SUSPICIOUS_MOVE = YES;
				CLANG_WARN_UNGUARDED_AVAILABILITY = YES_AGGRESSIVE;
				CLANG_WARN_UNREACHABLE_CODE = YES;
				CLANG_WARN__DUPLICATE_METHOD_MATCH = YES;
				COPY_PHASE_STRIP = NO;
				DEBUG_INFORMATION_FORMAT = dwarf;
				ENABLE_STRICT_OBJC_MSGSEND = YES;
				ENABLE_TESTABILITY = YES;
				ENABLE_USER_SCRIPT_SANDBOXING = NO;
				GCC_C_LANGUAGE_STANDARD = gnu11;
				GCC_DYNAMIC_NO_PIC = NO;
				GCC_NO_COMMON_BLOCKS = YES;
				GCC_OPTIMIZATION_LEVEL = 0;
				GCC_PREPROCESSOR_DEFINITIONS = (
					"DEBUG=1",
					"$(inherited)",
				);
				GCC_WARN_64_TO_32_BIT_CONVERSION = YES;
				GCC_WARN_ABOUT_RETURN_TYPE = YES_ERROR;
				GCC_WARN_UNDECLARED_SELECTOR = YES;
				GCC_WARN_UNINITIALIZED_AUTOS = YES_AGGRESSIVE;
				GCC_WARN_UNUSED_FUNCTION = YES;
				GCC_WARN_UNUSED_VARIABLE = YES;
				IPHONEOS_DEPLOYMENT_TARGET = 16.4;
				MTL_ENABLE_DEBUG_INFO = INCLUDE_SOURCE;
				MTL_FAST_MATH = YES;
				ONLY_ACTIVE_ARCH = YES;
				SDKROOT = iphoneos;
				SWIFT_ACTIVE_COMPILATION_CONDITIONS = DEBUG;
				SWIFT_OPTIMIZATION_LEVEL = "-Onone";
			};
			name = Debug;
		};
		A05358452D79A174003A31DF /* Release */ = {
			isa = XCBuildConfiguration;
			buildSettings = {
				ALWAYS_SEARCH_USER_PATHS = NO;
				ASSETCATALOG_COMPILER_GENERATE_SWIFT_ASSET_SYMBOL_EXTENSIONS = YES;
				CLANG_ANALYZER_NONNULL = YES;
				CLANG_ANALYZER_NUMBER_OBJECT_CONVERSION = YES_AGGRESSIVE;
				CLANG_CXX_LANGUAGE_STANDARD = "gnu++20";
				CLANG_ENABLE_MODULES = YES;
				CLANG_ENABLE_OBJC_ARC = YES;
				CLANG_ENABLE_OBJC_WEAK = YES;
				CLANG_WARN_BLOCK_CAPTURE_AUTORELEASING = YES;
				CLANG_WARN_BOOL_CONVERSION = YES;
				CLANG_WARN_COMMA = YES;
				CLANG_WARN_CONSTANT_CONVERSION = YES;
				CLANG_WARN_DEPRECATED_OBJC_IMPLEMENTATIONS = YES;
				CLANG_WARN_DIRECT_OBJC_ISA_USAGE = YES_ERROR;
				CLANG_WARN_DOCUMENTATION_COMMENTS = YES;
				CLANG_WARN_EMPTY_BODY = YES;
				CLANG_WARN_ENUM_CONVERSION = YES;
				CLANG_WARN_INFINITE_RECURSION = YES;
				CLANG_WARN_INT_CONVERSION = YES;
				CLANG_WARN_NON_LITERAL_NULL_CONVERSION = YES;
				CLANG_WARN_OBJC_IMPLICIT_RETAIN_SELF = YES;
				CLANG_WARN_OBJC_LITERAL_CONVERSION = YES;
				CLANG_WARN_OBJC_ROOT_CLASS = YES_ERROR;
				CLANG_WARN_QUOTED_INCLUDE_IN_FRAMEWORK_HEADER = YES;
				CLANG_WARN_RANGE_LOOP_ANALYSIS = YES;
				CLANG_WARN_STRICT_PROTOTYPES = YES;
				CLANG_WARN_SUSPICIOUS_MOVE = YES;
				CLANG_WARN_UNGUARDED_AVAILABILITY = YES_AGGRESSIVE;
				CLANG_WARN_UNREACHABLE_CODE = YES;
				CLANG_WARN__DUPLICATE_METHOD_MATCH = YES;
				COPY_PHASE_STRIP = NO;
				DEBUG_INFORMATION_FORMAT = "dwarf-with-dsym";
				ENABLE_NS_ASSERTIONS = NO;
				ENABLE_STRICT_OBJC_MSGSEND = YES;
				ENABLE_USER_SCRIPT_SANDBOXING = NO;
				GCC_C_LANGUAGE_STANDARD = gnu11;
				GCC_NO_COMMON_BLOCKS = YES;
				GCC_WARN_64_TO_32_BIT_CONVERSION = YES;
				GCC_WARN_ABOUT_RETURN_TYPE = YES_ERROR;
				GCC_WARN_UNDECLARED_SELECTOR = YES;
				GCC_WARN_UNINITIALIZED_AUTOS = YES_AGGRESSIVE;
				GCC_WARN_UNUSED_FUNCTION = YES;
				GCC_WARN_UNUSED_VARIABLE = YES;
				IPHONEOS_DEPLOYMENT_TARGET = 16.4;
				MTL_ENABLE_DEBUG_INFO = NO;
				MTL_FAST_MATH = YES;
				SDKROOT = iphoneos;
				SWIFT_COMPILATION_MODE = wholemodule;
				SWIFT_OPTIMIZATION_LEVEL = "-O";
				VALIDATE_PRODUCT = YES;
			};
			name = Release;
		};
		A05358472D79A174003A31DF /* Debug */ = {
			isa = XCBuildConfiguration;
			buildSettings = {
				ASSETCATALOG_COMPILER_APPICON_NAME = AppIcon;
				ASSETCATALOG_COMPILER_GLOBAL_ACCENT_COLOR_NAME = AccentColor;
				CODE_SIGN_STYLE = Automatic;
				CURRENT_PROJECT_VERSION = 1;
				GENERATE_INFOPLIST_FILE = YES;
				INFOPLIST_FILE = GimPlay/Info.plist;
				INFOPLIST_KEY_UIApplicationSupportsIndirectInputEvents = YES;
				INFOPLIST_KEY_UILaunchStoryboardName = LaunchScreen;
				INFOPLIST_KEY_UIMainStoryboardFile = Main;
				INFOPLIST_KEY_UISupportedInterfaceOrientations_iPad = "UIInterfaceOrientationPortrait UIInterfaceOrientationPortraitUpsideDown UIInterfaceOrientationLandscapeLeft UIInterfaceOrientationLandscapeRight";
				INFOPLIST_KEY_UISupportedInterfaceOrientations_iPhone = "UIInterfaceOrientationPortrait UIInterfaceOrientationLandscapeLeft UIInterfaceOrientationLandscapeRight";
				LD_RUNPATH_SEARCH_PATHS = (
					"$(inherited)",
					"@executable_path/Frameworks",
				);
				MARKETING_VERSION = 1.0;
				PRODUCT_BUNDLE_IDENTIFIER = com.fortissible.GimPlay;
				PRODUCT_NAME = "$(TARGET_NAME)";
				SWIFT_EMIT_LOC_STRINGS = YES;
				SWIFT_VERSION = 5.0;
				TARGETED_DEVICE_FAMILY = "1,2";
			};
			name = Debug;
		};
		A05358482D79A174003A31DF /* Release */ = {
			isa = XCBuildConfiguration;
			buildSettings = {
				ASSETCATALOG_COMPILER_APPICON_NAME = AppIcon;
				ASSETCATALOG_COMPILER_GLOBAL_ACCENT_COLOR_NAME = AccentColor;
				CODE_SIGN_STYLE = Automatic;
				CURRENT_PROJECT_VERSION = 1;
				GENERATE_INFOPLIST_FILE = YES;
				INFOPLIST_FILE = GimPlay/Info.plist;
				INFOPLIST_KEY_UIApplicationSupportsIndirectInputEvents = YES;
				INFOPLIST_KEY_UILaunchStoryboardName = LaunchScreen;
				INFOPLIST_KEY_UIMainStoryboardFile = Main;
				INFOPLIST_KEY_UISupportedInterfaceOrientations_iPad = "UIInterfaceOrientationPortrait UIInterfaceOrientationPortraitUpsideDown UIInterfaceOrientationLandscapeLeft UIInterfaceOrientationLandscapeRight";
				INFOPLIST_KEY_UISupportedInterfaceOrientations_iPhone = "UIInterfaceOrientationPortrait UIInterfaceOrientationLandscapeLeft UIInterfaceOrientationLandscapeRight";
				LD_RUNPATH_SEARCH_PATHS = (
					"$(inherited)",
					"@executable_path/Frameworks",
				);
				MARKETING_VERSION = 1.0;
				PRODUCT_BUNDLE_IDENTIFIER = com.fortissible.GimPlay;
				PRODUCT_NAME = "$(TARGET_NAME)";
				SWIFT_EMIT_LOC_STRINGS = YES;
				SWIFT_VERSION = 5.0;
				TARGETED_DEVICE_FAMILY = "1,2";
			};
			name = Release;
		};
/* End XCBuildConfiguration section */

/* Begin XCConfigurationList section */
		A053582D2D79A171003A31DF /* Build configuration list for PBXProject "GimPlay" */ = {
			isa = XCConfigurationList;
			buildConfigurations = (
				A05358442D79A174003A31DF /* Debug */,
				A05358452D79A174003A31DF /* Release */,
			);
			defaultConfigurationIsVisible = 0;
			defaultConfigurationName = Release;
		};
		A05358462D79A174003A31DF /* Build configuration list for PBXNativeTarget "GimPlay" */ = {
			isa = XCConfigurationList;
			buildConfigurations = (
				A05358472D79A174003A31DF /* Debug */,
				A05358482D79A174003A31DF /* Release */,
			);
			defaultConfigurationIsVisible = 0;
			defaultConfigurationName = Release;
		};
/* End XCConfigurationList section */

/* Begin XCRemoteSwiftPackageReference section */
		A065A8482D921A6100208C8C /* XCRemoteSwiftPackageReference "Alamofire" */ = {
			isa = XCRemoteSwiftPackageReference;
			repositoryURL = "https://github.com/Alamofire/Alamofire";
			requirement = {
				kind = upToNextMajorVersion;
				minimumVersion = 5.0.0;
			};
		};
		A065A84B2D921B9400208C8C /* XCRemoteSwiftPackageReference "realm-swift" */ = {
			isa = XCRemoteSwiftPackageReference;
			repositoryURL = "https://github.com/realm/realm-swift";
			requirement = {
				kind = exactVersion;
				version = 10.49.3;
			};
		};
		A065A8542D92C01200208C8C /* XCRemoteSwiftPackageReference "RxSwift" */ = {
			isa = XCRemoteSwiftPackageReference;
			repositoryURL = "https://github.com/ReactiveX/RxSwift";
			requirement = {
				kind = upToNextMajorVersion;
				minimumVersion = 6.0.0;
			};
		};
		A065A8682D9377CE00208C8C /* XCRemoteSwiftPackageReference "Swinject" */ = {
			isa = XCRemoteSwiftPackageReference;
			repositoryURL = "https://github.com/Swinject/Swinject";
			requirement = {
				kind = upToNextMajorVersion;
				minimumVersion = 2.0.0;
			};
		};
		A065A86B2D93782B00208C8C /* XCRemoteSwiftPackageReference "SwinjectStoryboard" */ = {
			isa = XCRemoteSwiftPackageReference;
			repositoryURL = "https://github.com/Swinject/SwinjectStoryboard";
			requirement = {
				kind = upToNextMajorVersion;
				minimumVersion = 2.0.0;
			};
		};
		A098C6512D81CE410022757E /* XCRemoteSwiftPackageReference "SwiftLint" */ = {
			isa = XCRemoteSwiftPackageReference;
			repositoryURL = "https://github.com/realm/SwiftLint";
			requirement = {
				kind = exactVersion;
				version = 0.51.0;
			};
		};
/* End XCRemoteSwiftPackageReference section */

/* Begin XCSwiftPackageProductDependency section */
		A065A8492D921A6100208C8C /* Alamofire */ = {
			isa = XCSwiftPackageProductDependency;
			package = A065A8482D921A6100208C8C /* XCRemoteSwiftPackageReference "Alamofire" */;
			productName = Alamofire;
		};
		A065A84C2D921B9400208C8C /* RealmSwift */ = {
			isa = XCSwiftPackageProductDependency;
			package = A065A84B2D921B9400208C8C /* XCRemoteSwiftPackageReference "realm-swift" */;
			productName = RealmSwift;
		};
		A065A8552D92C01200208C8C /* RxCocoa */ = {
			isa = XCSwiftPackageProductDependency;
			package = A065A8542D92C01200208C8C /* XCRemoteSwiftPackageReference "RxSwift" */;
			productName = RxCocoa;
		};
		A065A8572D92C01200208C8C /* RxSwift */ = {
			isa = XCSwiftPackageProductDependency;
			package = A065A8542D92C01200208C8C /* XCRemoteSwiftPackageReference "RxSwift" */;
			productName = RxSwift;
		};
		A065A8692D9377CE00208C8C /* Swinject */ = {
			isa = XCSwiftPackageProductDependency;
			package = A065A8682D9377CE00208C8C /* XCRemoteSwiftPackageReference "Swinject" */;
			productName = Swinject;
		};
		A065A86C2D93782B00208C8C /* SwinjectStoryboard */ = {
			isa = XCSwiftPackageProductDependency;
			package = A065A86B2D93782B00208C8C /* XCRemoteSwiftPackageReference "SwinjectStoryboard" */;
			productName = SwinjectStoryboard;
		};
/* End XCSwiftPackageProductDependency section */
	};
	rootObject = A053582A2D79A171003A31DF /* Project object */;
}
